
Microsoft Visual Studio Solution File, Format Version 12.00
# Visual Studio Version 17
VisualStudioVersion = 17.0.31903.59
MinimumVisualStudioVersion = 10.0.40219.1
Project("{FAE04EC0-301F-11D3-BF4B-00C04F79EFBC}") = "Refactoring", "Refactoring\Refactoring.csproj", "{4C98C861-9F75-4E83-BCBF-60331D39BB29}"
EndProject
Global
	GlobalSection(SolutionConfigurationPlatforms) = preSolution
		Debug|Any CPU = Debug|Any CPU
		Release|Any CPU = Release|Any CPU
	EndGlobalSection
	GlobalSection(ProjectConfigurationPlatforms) = postSolution
		{4C98C861-9F75-4E83-BCBF-60331D39BB29}.Debug|Any CPU.ActiveCfg = Debug|Any CPU
		{4C98C861-9F75-4E83-BCBF-60331D39BB29}.Debug|Any CPU.Build.0 = Debug|Any CPU
		{4C98C861-9F75-4E83-BCBF-60331D39BB29}.Release|Any CPU.ActiveCfg = Release|Any CPU
		{4C98C861-9F75-4E83-BCBF-60331D39BB29}.Release|Any CPU.Build.0 = Release|Any CPU
	EndGlobalSection
	GlobalSection(SolutionProperties) = preSolution
		HideSolutionNode = FALSE
	EndGlobalSection
	GlobalSection(ExtensibilityGlobals) = postSolution
		SolutionGuid = {54A96E51-FAE0-421C-B9B5-31EF3B0CA23D}
	EndGlobalSection
EndGlobal
